
Microsoft Visual Studio Solution File, Format Version 12.00
# Visual Studio Version 17
VisualStudioVersion = 17.0.31919.166
MinimumVisualStudioVersion = 10.0.40219.1
Project("{FAE04EC0-301F-11D3-BF4B-00C04F79EFBC}") = "mini-imports", "mini-imports\mini-imports.csproj", "{771DBF9E-DEC0-4B94-B88D-B0443C277594}"
EndProject
Global
	GlobalSection(SolutionConfigurationPlatforms) = preSolution
		Debug|Any CPU = Debug|Any CPU
		Release|Any CPU = Release|Any CPU
	EndGlobalSection
	GlobalSection(ProjectConfigurationPlatforms) = postSolution
		{771DBF9E-DEC0-4B94-B88D-B0443C277594}.Debug|Any CPU.ActiveCfg = Debug|Any CPU
		{771DBF9E-DEC0-4B94-B88D-B0443C277594}.Debug|Any CPU.Build.0 = Debug|Any CPU
		{771DBF9E-DEC0-4B94-B88D-B0443C277594}.Release|Any CPU.ActiveCfg = Release|Any CPU
		{771DBF9E-DEC0-4B94-B88D-B0443C277594}.Release|Any CPU.Build.0 = Release|Any CPU
	EndGlobalSection
	GlobalSection(SolutionProperties) = preSolution
		HideSolutionNode = FALSE
	EndGlobalSection
	GlobalSection(ExtensibilityGlobals) = postSolution
		SolutionGuid = {805E6E80-124C-44C8-85F5-2AF03A5578F3}
	EndGlobalSection
EndGlobal
